
Microsoft Visual Studio Solution File, Format Version 12.00
# Visual Studio Version 17
VisualStudioVersion = 17.13.35818.85 d17.13
MinimumVisualStudioVersion = 10.0.40219.1
Project("{FAE04EC0-301F-11D3-BF4B-00C04F79EFBC}") = "InspiringQuotes", "InspiringQuotes.csproj", "{773868C9-DFC5-4CAC-BAA9-3944F1C7763D}"
EndProject
Global
	GlobalSection(SolutionConfigurationPlatforms) = preSolution
		Debug|ARM64 = Debug|ARM64
		Debug|x64 = Debug|x64
		Debug|x86 = Debug|x86
		Release|ARM64 = Release|ARM64
		Release|x64 = Release|x64
		Release|x86 = Release|x86
	EndGlobalSection
	GlobalSection(ProjectConfigurationPlatforms) = postSolution
		{773868C9-DFC5-4CAC-BAA9-3944F1C7763D}.Debug|ARM64.ActiveCfg = Debug|ARM64
		{773868C9-DFC5-4CAC-BAA9-3944F1C7763D}.Debug|ARM64.Build.0 = Debug|ARM64
		{773868C9-DFC5-4CAC-BAA9-3944F1C7763D}.Debug|ARM64.Deploy.0 = Debug|ARM64
		{773868C9-DFC5-4CAC-BAA9-3944F1C7763D}.Debug|x64.ActiveCfg = Debug|x64
		{773868C9-DFC5-4CAC-BAA9-3944F1C7763D}.Debug|x64.Build.0 = Debug|x64
		{773868C9-DFC5-4CAC-BAA9-3944F1C7763D}.Debug|x64.Deploy.0 = Debug|x64
		{773868C9-DFC5-4CAC-BAA9-3944F1C7763D}.Debug|x86.ActiveCfg = Debug|x86
		{773868C9-DFC5-4CAC-BAA9-3944F1C7763D}.Debug|x86.Build.0 = Debug|x86
		{773868C9-DFC5-4CAC-BAA9-3944F1C7763D}.Debug|x86.Deploy.0 = Debug|x86
		{773868C9-DFC5-4CAC-BAA9-3944F1C7763D}.Release|ARM64.ActiveCfg = Release|ARM64
		{773868C9-DFC5-4CAC-BAA9-3944F1C7763D}.Release|ARM64.Build.0 = Release|ARM64
		{773868C9-DFC5-4CAC-BAA9-3944F1C7763D}.Release|ARM64.Deploy.0 = Release|ARM64
		{773868C9-DFC5-4CAC-BAA9-3944F1C7763D}.Release|x64.ActiveCfg = Release|x64
		{773868C9-DFC5-4CAC-BAA9-3944F1C7763D}.Release|x64.Build.0 = Release|x64
		{773868C9-DFC5-4CAC-BAA9-3944F1C7763D}.Release|x64.Deploy.0 = Release|x64
		{773868C9-DFC5-4CAC-BAA9-3944F1C7763D}.Release|x86.ActiveCfg = Release|x86
		{773868C9-DFC5-4CAC-BAA9-3944F1C7763D}.Release|x86.Build.0 = Release|x86
		{773868C9-DFC5-4CAC-BAA9-3944F1C7763D}.Release|x86.Deploy.0 = Release|x86
	EndGlobalSection
	GlobalSection(SolutionProperties) = preSolution
		HideSolutionNode = FALSE
	EndGlobalSection
	GlobalSection(ExtensibilityGlobals) = postSolution
		SolutionGuid = {85536EFB-FD72-459E-A2EF-AAD5AAA5D792}
	EndGlobalSection
EndGlobal
